Microsoft Visual Studio Solution File, Format Version 12.00
# Visual Studio 2012
Project("{FAE04EC0-301F-11D3-BF4B-00C04F79EFBC}") = "Godot-test-project", "Godot-test-project.csproj", "{BA596037-3CAE-4D81-AD31-E151FD645635}"
EndProject
Global
	GlobalSection(SolutionConfigurationPlatforms) = preSolution
	Debug|Any CPU = Debug|Any CPU
	ExportDebug|Any CPU = ExportDebug|Any CPU
	ExportRelease|Any CPU = ExportRelease|Any CPU
	EndGlobalSection
	GlobalSection(ProjectConfigurationPlatforms) = postSolution
		{BA596037-3CAE-4D81-AD31-E151FD645635}.Debug|Any CPU.ActiveCfg = Debug|Any CPU
		{BA596037-3CAE-4D81-AD31-E151FD645635}.Debug|Any CPU.Build.0 = Debug|Any CPU
		{BA596037-3CAE-4D81-AD31-E151FD645635}.ExportDebug|Any CPU.ActiveCfg = ExportDebug|Any CPU
		{BA596037-3CAE-4D81-AD31-E151FD645635}.ExportDebug|Any CPU.Build.0 = ExportDebug|Any CPU
		{BA596037-3CAE-4D81-AD31-E151FD645635}.ExportRelease|Any CPU.ActiveCfg = ExportRelease|Any CPU
		{BA596037-3CAE-4D81-AD31-E151FD645635}.ExportRelease|Any CPU.Build.0 = ExportRelease|Any CPU
	EndGlobalSection
EndGlobal
